
Microsoft Visual Studio Solution File, Format Version 12.00
# Visual Studio Version 17
VisualStudioVersion = 17.8.34408.163
MinimumVisualStudioVersion = 10.0.40219.1
Project("{FAE04EC0-301F-11D3-BF4B-00C04F79EFBC}") = "AES.Encryption", "src\AES.Encryption\AES.Encryption.csproj", "{EC70AD1B-EEC7-4C92-83CF-BA01008224F0}"
EndProject
Project("{FAE04EC0-301F-11D3-BF4B-00C04F79EFBC}") = "AES.Encryption.Client", "src\AES.Encryption.Client\AES.Encryption.Client.csproj", "{0F84F7EE-5CEA-4055-92DC-5A57F07E5710}"
EndProject
Global
	GlobalSection(SolutionConfigurationPlatforms) = preSolution
		Debug|Any CPU = Debug|Any CPU
		Release|Any CPU = Release|Any CPU
	EndGlobalSection
	GlobalSection(ProjectConfigurationPlatforms) = postSolution
		{EC70AD1B-EEC7-4C92-83CF-BA01008224F0}.Debug|Any CPU.ActiveCfg = Debug|Any CPU
		{EC70AD1B-EEC7-4C92-83CF-BA01008224F0}.Debug|Any CPU.Build.0 = Debug|Any CPU
		{EC70AD1B-EEC7-4C92-83CF-BA01008224F0}.Release|Any CPU.ActiveCfg = Release|Any CPU
		{EC70AD1B-EEC7-4C92-83CF-BA01008224F0}.Release|Any CPU.Build.0 = Release|Any CPU
		{0F84F7EE-5CEA-4055-92DC-5A57F07E5710}.Debug|Any CPU.ActiveCfg = Debug|Any CPU
		{0F84F7EE-5CEA-4055-92DC-5A57F07E5710}.Debug|Any CPU.Build.0 = Debug|Any CPU
		{0F84F7EE-5CEA-4055-92DC-5A57F07E5710}.Release|Any CPU.ActiveCfg = Release|Any CPU
		{0F84F7EE-5CEA-4055-92DC-5A57F07E5710}.Release|Any CPU.Build.0 = Release|Any CPU
	EndGlobalSection
	GlobalSection(SolutionProperties) = preSolution
		HideSolutionNode = FALSE
	EndGlobalSection
	GlobalSection(ExtensibilityGlobals) = postSolution
		SolutionGuid = {A694A5F1-78F4-4CDA-A077-3E5794BC66DD}
	EndGlobalSection
EndGlobal
